<?xml version="1.0" encoding="utf-8"?>
<Project ToolsVersion="4.0" xmlns="http://schemas.microsoft.com/developer/msbuild/2003">
  <ItemGroup>
    <Filter Include="Main">
      <UniqueIdentifier>{d333940b-af00-4d79-a3bc-7511f3fffd66}</UniqueIdentifier>
    </Filter>
    <Filter Include="sourc">
      <UniqueIdentifier>{26247729-eac0-4cf9-9287-49fddb859af6}</UniqueIdentifier>
    </Filter>
  </ItemGroup>
  <ItemGroup>
    <ClInclude Include="Header.h">
      <Filter>sourc</Filter>
    </ClInclude>
  </ItemGroup>
  <ItemGroup>
    <ClCompile Include="main.cpp">
      <Filter>Main</Filter>
    </ClCompile>
  </ItemGroup>
</Project>